// !$*UTF8*$!
{
	archiveVersion = 1;
	classes = {
	};
	objectVersion = 46;
	objects = {

/* Begin PBXBuildFile section */
		4A20C3DD1E2E2FDC00CD4D73 /* LoginPanelViewController.swift in Sources */ = {isa = PBXBuildFile; fileRef = 4A20C3DC1E2E2FDC00CD4D73 /* LoginPanelViewController.swift */; };
		4A20C3DF1E2E2FF800CD4D73 /* LoginPanelViewController.xib in Resources */ = {isa = PBXBuildFile; fileRef = 4A20C3DE1E2E2FF800CD4D73 /* LoginPanelViewController.xib */; };
		4A20C3E71E2E386C00CD4D73 /* Main.storyboard in Resources */ = {isa = PBXBuildFile; fileRef = 4A20C3E51E2E386C00CD4D73 /* Main.storyboard */; };
		4A20C3EB1E2E389A00CD4D73 /* AppDelegate.swift in Sources */ = {isa = PBXBuildFile; fileRef = 4A20C3E81E2E389A00CD4D73 /* AppDelegate.swift */; };
		4A20C3EF1E2E3EB300CD4D73 /* PresentersContainerFactory.swift in Sources */ = {isa = PBXBuildFile; fileRef = 4A20C3EE1E2E3EB300CD4D73 /* PresentersContainerFactory.swift */; };
		4AE3FCB11E2D125D00E5E37A /* ViewControllerContainerFactory.swift in Sources */ = {isa = PBXBuildFile; fileRef = 4AE3FCB01E2D125D00E5E37A /* ViewControllerContainerFactory.swift */; };
		4AE3FCB31E2D127400E5E37A /* AllContainerFactory.swift in Sources */ = {isa = PBXBuildFile; fileRef = 4AE3FCB21E2D127400E5E37A /* AllContainerFactory.swift */; };
		4AE3FCB51E2D129100E5E37A /* ProvidersContainerFactory.swift in Sources */ = {isa = PBXBuildFile; fileRef = 4AE3FCB41E2D129100E5E37A /* ProvidersContainerFactory.swift */; };
		4AE3FCB71E2D12D300E5E37A /* ContainerFactoryType.swift in Sources */ = {isa = PBXBuildFile; fileRef = 4AE3FCB61E2D12D300E5E37A /* ContainerFactoryType.swift */; };
		4AE3FCB91E2D13DF00E5E37A /* UIViewController+DI.swift in Sources */ = {isa = PBXBuildFile; fileRef = 4AE3FCB81E2D13DF00E5E37A /* UIViewController+DI.swift */; };
		4AE3FCBB1E2D149600E5E37A /* LoginPanelPresenter.swift in Sources */ = {isa = PBXBuildFile; fileRef = 4AE3FCBA1E2D149600E5E37A /* LoginPanelPresenter.swift */; };
		4AE3FCC01E2D174300E5E37A /* LoginPanelPresenterType.swift in Sources */ = {isa = PBXBuildFile; fileRef = 4AE3FCBF1E2D174300E5E37A /* LoginPanelPresenterType.swift */; };
		4AE3FCC31E2D177200E5E37A /* LoginPanelViewType.swift in Sources */ = {isa = PBXBuildFile; fileRef = 4AE3FCC21E2D177200E5E37A /* LoginPanelViewType.swift */; };
		4AE3FCC51E2D17BE00E5E37A /* User.swift in Sources */ = {isa = PBXBuildFile; fileRef = 4AE3FCC41E2D17BE00E5E37A /* User.swift */; };
		4AE3FCC81E2D17E000E5E37A /* UserType.swift in Sources */ = {isa = PBXBuildFile; fileRef = 4AE3FCC71E2D17E000E5E37A /* UserType.swift */; };
		7862FC251E26A59A00357A4A /* Assets.xcassets in Resources */ = {isa = PBXBuildFile; fileRef = 7862FC241E26A59A00357A4A /* Assets.xcassets */; };
		7862FC281E26A59A00357A4A /* LaunchScreen.storyboard in Resources */ = {isa = PBXBuildFile; fileRef = 7862FC261E26A59A00357A4A /* LaunchScreen.storyboard */; };
		7862FC331E26A59A00357A4A /* FireLampadesTests.swift in Sources */ = {isa = PBXBuildFile; fileRef = 7862FC321E26A59A00357A4A /* FireLampadesTests.swift */; };
		A7AAE9413A43DD8D2436EB37 /* Pods_FireLampades.framework in Frameworks */ = {isa = PBXBuildFile; fileRef = 85D680E33630B6F5E13E076E /* Pods_FireLampades.framework */; };
		D8AA3A5C4015785FB3A8BBA3 /* Pods_FireLampadesTests.framework in Frameworks */ = {isa = PBXBuildFile; fileRef = 1A346E256F1C429FAA537857 /* Pods_FireLampadesTests.framework */; };
/* End PBXBuildFile section */

/* Begin PBXContainerItemProxy section */
		7862FC2F1E26A59A00357A4A /* PBXContainerItemProxy */ = {
			isa = PBXContainerItemProxy;
			containerPortal = 7862FC0F1E26A59900357A4A /* Project object */;
			proxyType = 1;
			remoteGlobalIDString = 7862FC161E26A59900357A4A;
			remoteInfo = FireLampades;
		};
/* End PBXContainerItemProxy section */

/* Begin PBXFileReference section */
		1A346E256F1C429FAA537857 /* Pods_FireLampadesTests.framework */ = {isa = PBXFileReference; explicitFileType = wrapper.framework; includeInIndex = 0; path = Pods_FireLampadesTests.framework; sourceTree = BUILT_PRODUCTS_DIR; };
		32F0AB45AB464903EA7E9E5A /* Pods-FireLampadesTests.release.xcconfig */ = {isa = PBXFileReference; includeInIndex = 1; lastKnownFileType = text.xcconfig; name = "Pods-FireLampadesTests.release.xcconfig"; path = "Pods/Target Support Files/Pods-FireLampadesTests/Pods-FireLampadesTests.release.xcconfig"; sourceTree = "<group>"; };
		4A20C3DC1E2E2FDC00CD4D73 /* LoginPanelViewController.swift */ = {isa = PBXFileReference; fileEncoding = 4; lastKnownFileType = sourcecode.swift; path = LoginPanelViewController.swift; sourceTree = "<group>"; };
		4A20C3DE1E2E2FF800CD4D73 /* LoginPanelViewController.xib */ = {isa = PBXFileReference; fileEncoding = 4; lastKnownFileType = file.xib; path = LoginPanelViewController.xib; sourceTree = "<group>"; };
		4A20C3E61E2E386C00CD4D73 /* Base */ = {isa = PBXFileReference; lastKnownFileType = file.storyboard; name = Base; path = Base.lproj/Main.storyboard; sourceTree = "<group>"; };
		4A20C3E81E2E389A00CD4D73 /* AppDelegate.swift */ = {isa = PBXFileReference; fileEncoding = 4; lastKnownFileType = sourcecode.swift; path = AppDelegate.swift; sourceTree = "<group>"; };
		4A20C3E91E2E389A00CD4D73 /* GoogleService-Info.plist */ = {isa = PBXFileReference; fileEncoding = 4; lastKnownFileType = text.plist.xml; path = "GoogleService-Info.plist"; sourceTree = "<group>"; };
		4A20C3EA1E2E389A00CD4D73 /* Info.plist */ = {isa = PBXFileReference; fileEncoding = 4; lastKnownFileType = text.plist.xml; path = Info.plist; sourceTree = "<group>"; };
		4A20C3EE1E2E3EB300CD4D73 /* PresentersContainerFactory.swift */ = {isa = PBXFileReference; fileEncoding = 4; lastKnownFileType = sourcecode.swift; path = PresentersContainerFactory.swift; sourceTree = "<group>"; };
		4AE3FCB01E2D125D00E5E37A /* ViewControllerContainerFactory.swift */ = {isa = PBXFileReference; fileEncoding = 4; lastKnownFileType = sourcecode.swift; path = ViewControllerContainerFactory.swift; sourceTree = "<group>"; };
		4AE3FCB21E2D127400E5E37A /* AllContainerFactory.swift */ = {isa = PBXFileReference; fileEncoding = 4; lastKnownFileType = sourcecode.swift; path = AllContainerFactory.swift; sourceTree = "<group>"; };
		4AE3FCB41E2D129100E5E37A /* ProvidersContainerFactory.swift */ = {isa = PBXFileReference; fileEncoding = 4; lastKnownFileType = sourcecode.swift; path = ProvidersContainerFactory.swift; sourceTree = "<group>"; };
		4AE3FCB61E2D12D300E5E37A /* ContainerFactoryType.swift */ = {isa = PBXFileReference; fileEncoding = 4; lastKnownFileType = sourcecode.swift; path = ContainerFactoryType.swift; sourceTree = "<group>"; };
		4AE3FCB81E2D13DF00E5E37A /* UIViewController+DI.swift */ = {isa = PBXFileReference; fileEncoding = 4; lastKnownFileType = sourcecode.swift; path = "UIViewController+DI.swift"; sourceTree = "<group>"; };
		4AE3FCBA1E2D149600E5E37A /* LoginPanelPresenter.swift */ = {isa = PBXFileReference; fileEncoding = 4; lastKnownFileType = sourcecode.swift; path = LoginPanelPresenter.swift; sourceTree = "<group>"; };
		4AE3FCBF1E2D174300E5E37A /* LoginPanelPresenterType.swift */ = {isa = PBXFileReference; fileEncoding = 4; lastKnownFileType = sourcecode.swift; path = LoginPanelPresenterType.swift; sourceTree = "<group>"; };
		4AE3FCC21E2D177200E5E37A /* LoginPanelViewType.swift */ = {isa = PBXFileReference; fileEncoding = 4; lastKnownFileType = sourcecode.swift; path = LoginPanelViewType.swift; sourceTree = "<group>"; };
		4AE3FCC41E2D17BE00E5E37A /* User.swift */ = {isa = PBXFileReference; fileEncoding = 4; lastKnownFileType = sourcecode.swift; path = User.swift; sourceTree = "<group>"; };
		4AE3FCC71E2D17E000E5E37A /* UserType.swift */ = {isa = PBXFileReference; fileEncoding = 4; lastKnownFileType = sourcecode.swift; path = UserType.swift; sourceTree = "<group>"; };
		7862FC171E26A59A00357A4A /* FireLampades.app */ = {isa = PBXFileReference; explicitFileType = wrapper.application; includeInIndex = 0; path = FireLampades.app; sourceTree = BUILT_PRODUCTS_DIR; };
		7862FC241E26A59A00357A4A /* Assets.xcassets */ = {isa = PBXFileReference; lastKnownFileType = folder.assetcatalog; path = Assets.xcassets; sourceTree = "<group>"; };
		7862FC271E26A59A00357A4A /* Base */ = {isa = PBXFileReference; lastKnownFileType = file.storyboard; name = Base; path = Base.lproj/LaunchScreen.storyboard; sourceTree = "<group>"; };
		7862FC2E1E26A59A00357A4A /* FireLampadesTests.xctest */ = {isa = PBXFileReference; explicitFileType = wrapper.cfbundle; includeInIndex = 0; path = FireLampadesTests.xctest; sourceTree = BUILT_PRODUCTS_DIR; };
		7862FC321E26A59A00357A4A /* FireLampadesTests.swift */ = {isa = PBXFileReference; lastKnownFileType = sourcecode.swift; path = FireLampadesTests.swift; sourceTree = "<group>"; };
		7862FC341E26A59A00357A4A /* Info.plist */ = {isa = PBXFileReference; lastKnownFileType = text.plist.xml; path = Info.plist; sourceTree = "<group>"; };
		7E58B31C0419A49713BF657A /* Pods-FireLampades.debug.xcconfig */ = {isa = PBXFileReference; includeInIndex = 1; lastKnownFileType = text.xcconfig; name = "Pods-FireLampades.debug.xcconfig"; path = "Pods/Target Support Files/Pods-FireLampades/Pods-FireLampades.debug.xcconfig"; sourceTree = "<group>"; };
		85D680E33630B6F5E13E076E /* Pods_FireLampades.framework */ = {isa = PBXFileReference; explicitFileType = wrapper.framework; includeInIndex = 0; path = Pods_FireLampades.framework; sourceTree = BUILT_PRODUCTS_DIR; };
		B07A4ADEA145AE8FB2685177 /* Pods-FireLampades.release.xcconfig */ = {isa = PBXFileReference; includeInIndex = 1; lastKnownFileType = text.xcconfig; name = "Pods-FireLampades.release.xcconfig"; path = "Pods/Target Support Files/Pods-FireLampades/Pods-FireLampades.release.xcconfig"; sourceTree = "<group>"; };
		C8F32787DD8A666E06819CA8 /* Pods-FireLampadesTests.debug.xcconfig */ = {isa = PBXFileReference; includeInIndex = 1; lastKnownFileType = text.xcconfig; name = "Pods-FireLampadesTests.debug.xcconfig"; path = "Pods/Target Support Files/Pods-FireLampadesTests/Pods-FireLampadesTests.debug.xcconfig"; sourceTree = "<group>"; };
/* End PBXFileReference section */

/* Begin PBXFrameworksBuildPhase section */
		7862FC141E26A59900357A4A /* Frameworks */ = {
			isa = PBXFrameworksBuildPhase;
			buildActionMask = 2147483647;
			files = (
				A7AAE9413A43DD8D2436EB37 /* Pods_FireLampades.framework in Frameworks */,
			);
			runOnlyForDeploymentPostprocessing = 0;
		};
		7862FC2B1E26A59A00357A4A /* Frameworks */ = {
			isa = PBXFrameworksBuildPhase;
			buildActionMask = 2147483647;
			files = (
				D8AA3A5C4015785FB3A8BBA3 /* Pods_FireLampadesTests.framework in Frameworks */,
			);
			runOnlyForDeploymentPostprocessing = 0;
		};
/* End PBXFrameworksBuildPhase section */

/* Begin PBXGroup section */
		4A20C3DB1E2E2FA900CD4D73 /* LoginPanel */ = {
			isa = PBXGroup;
			children = (
				4A20C3DC1E2E2FDC00CD4D73 /* LoginPanelViewController.swift */,
				4A20C3DE1E2E2FF800CD4D73 /* LoginPanelViewController.xib */,
			);
			path = LoginPanel;
			sourceTree = "<group>";
		};
		4A20C3E41E2E35C000CD4D73 /* SupportingFiles */ = {
			isa = PBXGroup;
			children = (
				4A20C3E81E2E389A00CD4D73 /* AppDelegate.swift */,
				4A20C3E91E2E389A00CD4D73 /* GoogleService-Info.plist */,
				4A20C3EA1E2E389A00CD4D73 /* Info.plist */,
			);
			path = SupportingFiles;
			sourceTree = "<group>";
		};
		4AE3FCAA1E2D0E1200E5E37A /* View */ = {
			isa = PBXGroup;
			children = (
				4AE3FCC11E2D174B00E5E37A /* Type */,
				4A20C3DB1E2E2FA900CD4D73 /* LoginPanel */,
			);
			path = View;
			sourceTree = "<group>";
		};
		4AE3FCAB1E2D0E1A00E5E37A /* Presenter */ = {
			isa = PBXGroup;
			children = (
				4AE3FCBE1E2D171C00E5E37A /* Type */,
				4AE3FCBA1E2D149600E5E37A /* LoginPanelPresenter.swift */,
			);
			path = Presenter;
			sourceTree = "<group>";
		};
		4AE3FCAC1E2D0E2100E5E37A /* Model */ = {
			isa = PBXGroup;
			children = (
				4AE3FCC61E2D17C300E5E37A /* Type */,
				4AE3FCC41E2D17BE00E5E37A /* User.swift */,
			);
			path = Model;
			sourceTree = "<group>";
		};
		4AE3FCAF1E2D118A00E5E37A /* DI */ = {
			isa = PBXGroup;
			children = (
				4AE3FCB01E2D125D00E5E37A /* ViewControllerContainerFactory.swift */,
				4AE3FCB21E2D127400E5E37A /* AllContainerFactory.swift */,
				4AE3FCB41E2D129100E5E37A /* ProvidersContainerFactory.swift */,
				4AE3FCB61E2D12D300E5E37A /* ContainerFactoryType.swift */,
				4AE3FCB81E2D13DF00E5E37A /* UIViewController+DI.swift */,
				4A20C3EE1E2E3EB300CD4D73 /* PresentersContainerFactory.swift */,
			);
			path = DI;
			sourceTree = "<group>";
		};
		4AE3FCBE1E2D171C00E5E37A /* Type */ = {
			isa = PBXGroup;
			children = (
				4AE3FCBF1E2D174300E5E37A /* LoginPanelPresenterType.swift */,
			);
			path = Type;
			sourceTree = "<group>";
		};
		4AE3FCC11E2D174B00E5E37A /* Type */ = {
			isa = PBXGroup;
			children = (
				4AE3FCC21E2D177200E5E37A /* LoginPanelViewType.swift */,
			);
			path = Type;
			sourceTree = "<group>";
		};
		4AE3FCC61E2D17C300E5E37A /* Type */ = {
			isa = PBXGroup;
			children = (
				4AE3FCC71E2D17E000E5E37A /* UserType.swift */,
			);
			path = Type;
			sourceTree = "<group>";
		};
		641CDC497662039BCD20839F /* Frameworks */ = {
			isa = PBXGroup;
			children = (
				85D680E33630B6F5E13E076E /* Pods_FireLampades.framework */,
				1A346E256F1C429FAA537857 /* Pods_FireLampadesTests.framework */,
			);
			name = Frameworks;
			sourceTree = "<group>";
		};
		7862FC0E1E26A59900357A4A = {
			isa = PBXGroup;
			children = (
				7862FC191E26A59A00357A4A /* FireLampades */,
				7862FC311E26A59A00357A4A /* FireLampadesTests */,
				7862FC181E26A59A00357A4A /* Products */,
				CB1346573B856EC55FA57917 /* Pods */,
				641CDC497662039BCD20839F /* Frameworks */,
			);
			sourceTree = "<group>";
		};
		7862FC181E26A59A00357A4A /* Products */ = {
			isa = PBXGroup;
			children = (
				7862FC171E26A59A00357A4A /* FireLampades.app */,
				7862FC2E1E26A59A00357A4A /* FireLampadesTests.xctest */,
			);
			name = Products;
			sourceTree = "<group>";
		};
		7862FC191E26A59A00357A4A /* FireLampades */ = {
			isa = PBXGroup;
			children = (
				4AE3FCAF1E2D118A00E5E37A /* DI */,
				4AE3FCAC1E2D0E2100E5E37A /* Model */,
				4AE3FCAB1E2D0E1A00E5E37A /* Presenter */,
				4AE3FCAA1E2D0E1200E5E37A /* View */,
				4A20C3E41E2E35C000CD4D73 /* SupportingFiles */,
				7862FC241E26A59A00357A4A /* Assets.xcassets */,
				4A20C3E51E2E386C00CD4D73 /* Main.storyboard */,
				7862FC261E26A59A00357A4A /* LaunchScreen.storyboard */,
			);
			path = FireLampades;
			sourceTree = "<group>";
		};
		7862FC311E26A59A00357A4A /* FireLampadesTests */ = {
			isa = PBXGroup;
			children = (
				7862FC321E26A59A00357A4A /* FireLampadesTests.swift */,
				7862FC341E26A59A00357A4A /* Info.plist */,
			);
			path = FireLampadesTests;
			sourceTree = "<group>";
		};
		CB1346573B856EC55FA57917 /* Pods */ = {
			isa = PBXGroup;
			children = (
				7E58B31C0419A49713BF657A /* Pods-FireLampades.debug.xcconfig */,
				B07A4ADEA145AE8FB2685177 /* Pods-FireLampades.release.xcconfig */,
				C8F32787DD8A666E06819CA8 /* Pods-FireLampadesTests.debug.xcconfig */,
				32F0AB45AB464903EA7E9E5A /* Pods-FireLampadesTests.release.xcconfig */,
			);
			name = Pods;
			sourceTree = "<group>";
		};
/* End PBXGroup section */

/* Begin PBXNativeTarget section */
		7862FC161E26A59900357A4A /* FireLampades */ = {
			isa = PBXNativeTarget;
			buildConfigurationList = 7862FC371E26A59A00357A4A /* Build configuration list for PBXNativeTarget "FireLampades" */;
			buildPhases = (
				C4264085ABE4AB1EE10E9652 /* [CP] Check Pods Manifest.lock */,
				7862FC131E26A59900357A4A /* Sources */,
				7862FC141E26A59900357A4A /* Frameworks */,
				7862FC151E26A59900357A4A /* Resources */,
				29B91F0E5A515F8514185333 /* [CP] Embed Pods Frameworks */,
				13B05FAC91C7DBEC3594CE35 /* [CP] Copy Pods Resources */,
			);
			buildRules = (
			);
			dependencies = (
			);
			name = FireLampades;
			productName = FireLampades;
			productReference = 7862FC171E26A59A00357A4A /* FireLampades.app */;
			productType = "com.apple.product-type.application";
		};
		7862FC2D1E26A59A00357A4A /* FireLampadesTests */ = {
			isa = PBXNativeTarget;
			buildConfigurationList = 7862FC3A1E26A59A00357A4A /* Build configuration list for PBXNativeTarget "FireLampadesTests" */;
			buildPhases = (
				985D898F0E37FEFCA7EDAF62 /* [CP] Check Pods Manifest.lock */,
				7862FC2A1E26A59A00357A4A /* Sources */,
				7862FC2B1E26A59A00357A4A /* Frameworks */,
				7862FC2C1E26A59A00357A4A /* Resources */,
				E82F7392C2DC8AAF99D231CD /* [CP] Embed Pods Frameworks */,
				68323F67A1EB1FE6169381D3 /* [CP] Copy Pods Resources */,
			);
			buildRules = (
			);
			dependencies = (
				7862FC301E26A59A00357A4A /* PBXTargetDependency */,
			);
			name = FireLampadesTests;
			productName = FireLampadesTests;
			productReference = 7862FC2E1E26A59A00357A4A /* FireLampadesTests.xctest */;
			productType = "com.apple.product-type.bundle.unit-test";
		};
/* End PBXNativeTarget section */

/* Begin PBXProject section */
		7862FC0F1E26A59900357A4A /* Project object */ = {
			isa = PBXProject;
			attributes = {
				LastSwiftUpdateCheck = 0810;
				LastUpgradeCheck = 0810;
				ORGANIZATIONNAME = "Bartosz Kosarzycki";
				TargetAttributes = {
					7862FC161E26A59900357A4A = {
						CreatedOnToolsVersion = 8.1;
						ProvisioningStyle = Automatic;
					};
					7862FC2D1E26A59A00357A4A = {
						CreatedOnToolsVersion = 8.1;
						ProvisioningStyle = Automatic;
						TestTargetID = 7862FC161E26A59900357A4A;
					};
				};
			};
			buildConfigurationList = 7862FC121E26A59900357A4A /* Build configuration list for PBXProject "FireLampades" */;
			compatibilityVersion = "Xcode 3.2";
			developmentRegion = English;
			hasScannedForEncodings = 0;
			knownRegions = (
				en,
				Base,
			);
			mainGroup = 7862FC0E1E26A59900357A4A;
			productRefGroup = 7862FC181E26A59A00357A4A /* Products */;
			projectDirPath = "";
			projectRoot = "";
			targets = (
				7862FC161E26A59900357A4A /* FireLampades */,
				7862FC2D1E26A59A00357A4A /* FireLampadesTests */,
			);
		};
/* End PBXProject section */

/* Begin PBXResourcesBuildPhase section */
		7862FC151E26A59900357A4A /* Resources */ = {
			isa = PBXResourcesBuildPhase;
			buildActionMask = 2147483647;
			files = (
				7862FC281E26A59A00357A4A /* LaunchScreen.storyboard in Resources */,
				4A20C3E71E2E386C00CD4D73 /* Main.storyboard in Resources */,
				4A20C3DF1E2E2FF800CD4D73 /* LoginPanelViewController.xib in Resources */,
				7862FC251E26A59A00357A4A /* Assets.xcassets in Resources */,
			);
			runOnlyForDeploymentPostprocessing = 0;
		};
		7862FC2C1E26A59A00357A4A /* Resources */ = {
			isa = PBXResourcesBuildPhase;
			buildActionMask = 2147483647;
			files = (
			);
			runOnlyForDeploymentPostprocessing = 0;
		};
/* End PBXResourcesBuildPhase section */

/* Begin PBXShellScriptBuildPhase section */
		13B05FAC91C7DBEC3594CE35 /* [CP] Copy Pods Resources */ = {
			isa = PBXShellScriptBuildPhase;
			buildActionMask = 2147483647;
			files = (
			);
			inputPaths = (
			);
			name = "[CP] Copy Pods Resources";
			outputPaths = (
			);
			runOnlyForDeploymentPostprocessing = 0;
			shellPath = /bin/sh;
			shellScript = "\"${SRCROOT}/Pods/Target Support Files/Pods-FireLampades/Pods-FireLampades-resources.sh\"\n";
			showEnvVarsInLog = 0;
		};
		29B91F0E5A515F8514185333 /* [CP] Embed Pods Frameworks */ = {
			isa = PBXShellScriptBuildPhase;
			buildActionMask = 2147483647;
			files = (
			);
			inputPaths = (
			);
			name = "[CP] Embed Pods Frameworks";
			outputPaths = (
			);
			runOnlyForDeploymentPostprocessing = 0;
			shellPath = /bin/sh;
			shellScript = "\"${SRCROOT}/Pods/Target Support Files/Pods-FireLampades/Pods-FireLampades-frameworks.sh\"\n";
			showEnvVarsInLog = 0;
		};
		68323F67A1EB1FE6169381D3 /* [CP] Copy Pods Resources */ = {
			isa = PBXShellScriptBuildPhase;
			buildActionMask = 2147483647;
			files = (
			);
			inputPaths = (
			);
			name = "[CP] Copy Pods Resources";
			outputPaths = (
			);
			runOnlyForDeploymentPostprocessing = 0;
			shellPath = /bin/sh;
			shellScript = "\"${SRCROOT}/Pods/Target Support Files/Pods-FireLampadesTests/Pods-FireLampadesTests-resources.sh\"\n";
			showEnvVarsInLog = 0;
		};
		985D898F0E37FEFCA7EDAF62 /* [CP] Check Pods Manifest.lock */ = {
			isa = PBXShellScriptBuildPhase;
			buildActionMask = 2147483647;
			files = (
			);
			inputPaths = (
			);
			name = "[CP] Check Pods Manifest.lock";
			outputPaths = (
			);
			runOnlyForDeploymentPostprocessing = 0;
			shellPath = /bin/sh;
			shellScript = "diff \"${PODS_ROOT}/../Podfile.lock\" \"${PODS_ROOT}/Manifest.lock\" > /dev/null\nif [ $? != 0 ] ; then\n    # print error to STDERR\n    echo \"error: The sandbox is not in sync with the Podfile.lock. Run 'pod install' or update your CocoaPods installation.\" >&2\n    exit 1\nfi\n";
			showEnvVarsInLog = 0;
		};
		C4264085ABE4AB1EE10E9652 /* [CP] Check Pods Manifest.lock */ = {
			isa = PBXShellScriptBuildPhase;
			buildActionMask = 2147483647;
			files = (
			);
			inputPaths = (
			);
			name = "[CP] Check Pods Manifest.lock";
			outputPaths = (
			);
			runOnlyForDeploymentPostprocessing = 0;
			shellPath = /bin/sh;
			shellScript = "diff \"${PODS_ROOT}/../Podfile.lock\" \"${PODS_ROOT}/Manifest.lock\" > /dev/null\nif [ $? != 0 ] ; then\n    # print error to STDERR\n    echo \"error: The sandbox is not in sync with the Podfile.lock. Run 'pod install' or update your CocoaPods installation.\" >&2\n    exit 1\nfi\n";
			showEnvVarsInLog = 0;
		};
		E82F7392C2DC8AAF99D231CD /* [CP] Embed Pods Frameworks */ = {
			isa = PBXShellScriptBuildPhase;
			buildActionMask = 2147483647;
			files = (
			);
			inputPaths = (
			);
			name = "[CP] Embed Pods Frameworks";
			outputPaths = (
			);
			runOnlyForDeploymentPostprocessing = 0;
			shellPath = /bin/sh;
			shellScript = "\"${SRCROOT}/Pods/Target Support Files/Pods-FireLampadesTests/Pods-FireLampadesTests-frameworks.sh\"\n";
			showEnvVarsInLog = 0;
		};
/* End PBXShellScriptBuildPhase section */

/* Begin PBXSourcesBuildPhase section */
		7862FC131E26A59900357A4A /* Sources */ = {
			isa = PBXSourcesBuildPhase;
			buildActionMask = 2147483647;
			files = (
				4A20C3EB1E2E389A00CD4D73 /* AppDelegate.swift in Sources */,
				4AE3FCC51E2D17BE00E5E37A /* User.swift in Sources */,
				4A20C3EF1E2E3EB300CD4D73 /* PresentersContainerFactory.swift in Sources */,
				4AE3FCB31E2D127400E5E37A /* AllContainerFactory.swift in Sources */,
				4AE3FCC81E2D17E000E5E37A /* UserType.swift in Sources */,
				4AE3FCC01E2D174300E5E37A /* LoginPanelPresenterType.swift in Sources */,
				4AE3FCB71E2D12D300E5E37A /* ContainerFactoryType.swift in Sources */,
				4AE3FCB91E2D13DF00E5E37A /* UIViewController+DI.swift in Sources */,
				4AE3FCB11E2D125D00E5E37A /* ViewControllerContainerFactory.swift in Sources */,
				4A20C3DD1E2E2FDC00CD4D73 /* LoginPanelViewController.swift in Sources */,
				4AE3FCB51E2D129100E5E37A /* ProvidersContainerFactory.swift in Sources */,
				4AE3FCBB1E2D149600E5E37A /* LoginPanelPresenter.swift in Sources */,
				4AE3FCC31E2D177200E5E37A /* LoginPanelViewType.swift in Sources */,
			);
			runOnlyForDeploymentPostprocessing = 0;
		};
		7862FC2A1E26A59A00357A4A /* Sources */ = {
			isa = PBXSourcesBuildPhase;
			buildActionMask = 2147483647;
			files = (
				7862FC331E26A59A00357A4A /* FireLampadesTests.swift in Sources */,
			);
			runOnlyForDeploymentPostprocessing = 0;
		};
/* End PBXSourcesBuildPhase section */

/* Begin PBXTargetDependency section */
		7862FC301E26A59A00357A4A /* PBXTargetDependency */ = {
			isa = PBXTargetDependency;
			target = 7862FC161E26A59900357A4A /* FireLampades */;
			targetProxy = 7862FC2F1E26A59A00357A4A /* PBXContainerItemProxy */;
		};
/* End PBXTargetDependency section */

/* Begin PBXVariantGroup section */
		4A20C3E51E2E386C00CD4D73 /* Main.storyboard */ = {
			isa = PBXVariantGroup;
			children = (
				4A20C3E61E2E386C00CD4D73 /* Base */,
			);
			name = Main.storyboard;
			sourceTree = "<group>";
		};
		7862FC261E26A59A00357A4A /* LaunchScreen.storyboard */ = {
			isa = PBXVariantGroup;
			children = (
				7862FC271E26A59A00357A4A /* Base */,
			);
			name = LaunchScreen.storyboard;
			sourceTree = "<group>";
		};
/* End PBXVariantGroup section */

/* Begin XCBuildConfiguration section */
		7862FC351E26A59A00357A4A /* Debug */ = {
			isa = XCBuildConfiguration;
			buildSettings = {
				ALWAYS_SEARCH_USER_PATHS = NO;
				CLANG_ANALYZER_NONNULL = YES;
				CLANG_CXX_LANGUAGE_STANDARD = "gnu++0x";
				CLANG_CXX_LIBRARY = "libc++";
				CLANG_ENABLE_MODULES = YES;
				CLANG_ENABLE_OBJC_ARC = YES;
				CLANG_WARN_BOOL_CONVERSION = YES;
				CLANG_WARN_CONSTANT_CONVERSION = YES;
				CLANG_WARN_DIRECT_OBJC_ISA_USAGE = YES_ERROR;
				CLANG_WARN_DOCUMENTATION_COMMENTS = YES;
				CLANG_WARN_EMPTY_BODY = YES;
				CLANG_WARN_ENUM_CONVERSION = YES;
				CLANG_WARN_INFINITE_RECURSION = YES;
				CLANG_WARN_INT_CONVERSION = YES;
				CLANG_WARN_OBJC_ROOT_CLASS = YES_ERROR;
				CLANG_WARN_SUSPICIOUS_MOVES = YES;
				CLANG_WARN_UNREACHABLE_CODE = YES;
				CLANG_WARN__DUPLICATE_METHOD_MATCH = YES;
				"CODE_SIGN_IDENTITY[sdk=iphoneos*]" = "iPhone Developer";
				COPY_PHASE_STRIP = NO;
				DEBUG_INFORMATION_FORMAT = dwarf;
				ENABLE_STRICT_OBJC_MSGSEND = YES;
				ENABLE_TESTABILITY = YES;
				GCC_C_LANGUAGE_STANDARD = gnu99;
				GCC_DYNAMIC_NO_PIC = NO;
				GCC_NO_COMMON_BLOCKS = YES;
				GCC_OPTIMIZATION_LEVEL = 0;
				GCC_PREPROCESSOR_DEFINITIONS = (
					"DEBUG=1",
					"$(inherited)",
				);
				GCC_WARN_64_TO_32_BIT_CONVERSION = YES;
				GCC_WARN_ABOUT_RETURN_TYPE = YES_ERROR;
				GCC_WARN_UNDECLARED_SELECTOR = YES;
				GCC_WARN_UNINITIALIZED_AUTOS = YES_AGGRESSIVE;
				GCC_WARN_UNUSED_FUNCTION = YES;
				GCC_WARN_UNUSED_VARIABLE = YES;
				IPHONEOS_DEPLOYMENT_TARGET = 10.1;
				MTL_ENABLE_DEBUG_INFO = YES;
				ONLY_ACTIVE_ARCH = YES;
				SDKROOT = iphoneos;
				SWIFT_ACTIVE_COMPILATION_CONDITIONS = DEBUG;
				SWIFT_OPTIMIZATION_LEVEL = "-Onone";
				TARGETED_DEVICE_FAMILY = "1,2";
			};
			name = Debug;
		};
		7862FC361E26A59A00357A4A /* Release */ = {
			isa = XCBuildConfiguration;
			buildSettings = {
				ALWAYS_SEARCH_USER_PATHS = NO;
				CLANG_ANALYZER_NONNULL = YES;
				CLANG_CXX_LANGUAGE_STANDARD = "gnu++0x";
				CLANG_CXX_LIBRARY = "libc++";
				CLANG_ENABLE_MODULES = YES;
				CLANG_ENABLE_OBJC_ARC = YES;
				CLANG_WARN_BOOL_CONVERSION = YES;
				CLANG_WARN_CONSTANT_CONVERSION = YES;
				CLANG_WARN_DIRECT_OBJC_ISA_USAGE = YES_ERROR;
				CLANG_WARN_DOCUMENTATION_COMMENTS = YES;
				CLANG_WARN_EMPTY_BODY = YES;
				CLANG_WARN_ENUM_CONVERSION = YES;
				CLANG_WARN_INFINITE_RECURSION = YES;
				CLANG_WARN_INT_CONVERSION = YES;
				CLANG_WARN_OBJC_ROOT_CLASS = YES_ERROR;
				CLANG_WARN_SUSPICIOUS_MOVES = YES;
				CLANG_WARN_UNREACHABLE_CODE = YES;
				CLANG_WARN__DUPLICATE_METHOD_MATCH = YES;
				"CODE_SIGN_IDENTITY[sdk=iphoneos*]" = "iPhone Developer";
				COPY_PHASE_STRIP = NO;
				DEBUG_INFORMATION_FORMAT = "dwarf-with-dsym";
				ENABLE_NS_ASSERTIONS = NO;
				ENABLE_STRICT_OBJC_MSGSEND = YES;
				GCC_C_LANGUAGE_STANDARD = gnu99;
				GCC_NO_COMMON_BLOCKS = YES;
				GCC_WARN_64_TO_32_BIT_CONVERSION = YES;
				GCC_WARN_ABOUT_RETURN_TYPE = YES_ERROR;
				GCC_WARN_UNDECLARED_SELECTOR = YES;
				GCC_WARN_UNINITIALIZED_AUTOS = YES_AGGRESSIVE;
				GCC_WARN_UNUSED_FUNCTION = YES;
				GCC_WARN_UNUSED_VARIABLE = YES;
				IPHONEOS_DEPLOYMENT_TARGET = 10.1;
				MTL_ENABLE_DEBUG_INFO = NO;
				SDKROOT = iphoneos;
				SWIFT_OPTIMIZATION_LEVEL = "-Owholemodule";
				TARGETED_DEVICE_FAMILY = "1,2";
				VALIDATE_PRODUCT = YES;
			};
			name = Release;
		};
		7862FC381E26A59A00357A4A /* Debug */ = {
			isa = XCBuildConfiguration;
			baseConfigurationReference = 7E58B31C0419A49713BF657A /* Pods-FireLampades.debug.xcconfig */;
			buildSettings = {
				ASSETCATALOG_COMPILER_APPICON_NAME = AppIcon;
				INFOPLIST_FILE = FireLampades/SupportingFiles/Info.plist;
				IPHONEOS_DEPLOYMENT_TARGET = 8.4;
				LD_RUNPATH_SEARCH_PATHS = "$(inherited) @executable_path/Frameworks";
				PRODUCT_BUNDLE_IDENTIFIER = com.in.ios.FireLampades;
				PRODUCT_NAME = "$(TARGET_NAME)";
				SWIFT_VERSION = 3.0;
			};
			name = Debug;
		};
		7862FC391E26A59A00357A4A /* Release */ = {
			isa = XCBuildConfiguration;
			baseConfigurationReference = B07A4ADEA145AE8FB2685177 /* Pods-FireLampades.release.xcconfig */;
			buildSettings = {
				ASSETCATALOG_COMPILER_APPICON_NAME = AppIcon;
				INFOPLIST_FILE = FireLampades/SupportingFiles/Info.plist;
				IPHONEOS_DEPLOYMENT_TARGET = 8.4;
				LD_RUNPATH_SEARCH_PATHS = "$(inherited) @executable_path/Frameworks";
				PRODUCT_BUNDLE_IDENTIFIER = com.in.ios.FireLampades;
				PRODUCT_NAME = "$(TARGET_NAME)";
				SWIFT_VERSION = 3.0;
			};
			name = Release;
		};
		7862FC3B1E26A59A00357A4A /* Debug */ = {
			isa = XCBuildConfiguration;
			baseConfigurationReference = C8F32787DD8A666E06819CA8 /* Pods-FireLampadesTests.debug.xcconfig */;
			buildSettings = {
				ALWAYS_EMBED_SWIFT_STANDARD_LIBRARIES = YES;
				BUNDLE_LOADER = "$(TEST_HOST)";
				INFOPLIST_FILE = FireLampadesTests/Info.plist;
				LD_RUNPATH_SEARCH_PATHS = "$(inherited) @executable_path/Frameworks @loader_path/Frameworks";
				PRODUCT_BUNDLE_IDENTIFIER = com.in.ios.FireLampadesTests;
				PRODUCT_NAME = "$(TARGET_NAME)";
				SWIFT_VERSION = 3.0;
				TEST_HOST = "$(BUILT_PRODUCTS_DIR)/FireLampades.app/FireLampades";
			};
			name = Debug;
		};
		7862FC3C1E26A59A00357A4A /* Release */ = {
			isa = XCBuildConfiguration;
			baseConfigurationReference = 32F0AB45AB464903EA7E9E5A /* Pods-FireLampadesTests.release.xcconfig */;
			buildSettings = {
				ALWAYS_EMBED_SWIFT_STANDARD_LIBRARIES = YES;
				BUNDLE_LOADER = "$(TEST_HOST)";
				INFOPLIST_FILE = FireLampadesTests/Info.plist;
				LD_RUNPATH_SEARCH_PATHS = "$(inherited) @executable_path/Frameworks @loader_path/Frameworks";
				PRODUCT_BUNDLE_IDENTIFIER = com.in.ios.FireLampadesTests;
				PRODUCT_NAME = "$(TARGET_NAME)";
				SWIFT_VERSION = 3.0;
				TEST_HOST = "$(BUILT_PRODUCTS_DIR)/FireLampades.app/FireLampades";
			};
			name = Release;
		};
/* End XCBuildConfiguration section */

/* Begin XCConfigurationList section */
		7862FC121E26A59900357A4A /* Build configuration list for PBXProject "FireLampades" */ = {
			isa = XCConfigurationList;
			buildConfigurations = (
				7862FC351E26A59A00357A4A /* Debug */,
				7862FC361E26A59A00357A4A /* Release */,
			);
			defaultConfigurationIsVisible = 0;
			defaultConfigurationName = Release;
		};
		7862FC371E26A59A00357A4A /* Build configuration list for PBXNativeTarget "FireLampades" */ = {
			isa = XCConfigurationList;
			buildConfigurations = (
				7862FC381E26A59A00357A4A /* Debug */,
				7862FC391E26A59A00357A4A /* Release */,
			);
			defaultConfigurationIsVisible = 0;
			defaultConfigurationName = Release;
		};
		7862FC3A1E26A59A00357A4A /* Build configuration list for PBXNativeTarget "FireLampadesTests" */ = {
			isa = XCConfigurationList;
			buildConfigurations = (
				7862FC3B1E26A59A00357A4A /* Debug */,
				7862FC3C1E26A59A00357A4A /* Release */,
			);
			defaultConfigurationIsVisible = 0;
			defaultConfigurationName = Release;
		};
/* End XCConfigurationList section */
	};
	rootObject = 7862FC0F1E26A59900357A4A /* Project object */;
}
