PODS:
  - FirebaseCore (3.4.6):
    - GoogleInterchangeUtilities (~> 1.2)
    - GoogleToolboxForMac/NSData+zlib (~> 2.1)
  - GoogleInterchangeUtilities (1.2.2):
    - GoogleSymbolUtilities (~> 1.1)
  - GoogleSymbolUtilities (1.1.2)
  - GoogleToolboxForMac/Defines (2.1.0)
  - GoogleToolboxForMac/NSData+zlib (2.1.0):
    - GoogleToolboxForMac/Defines (= 2.1.0)

DEPENDENCIES:
  - FirebaseCore (~> 3.4)

SPEC CHECKSUMS:
  FirebaseCore: 03da1cb32615569bbc2830a22f9ad753d9a02ef5
  GoogleInterchangeUtilities: d5bc4d88d5b661ab72f9d70c58d02ca8c27ad1f7
  GoogleSymbolUtilities: 631ee17048aa5e9ab133470d768ea997a5ef9b96
  GoogleToolboxForMac: 2b2596cbb7186865e98cadf2b1e262d851c2b168

PODFILE CHECKSUM: 60ae60066461d873d345e335ac4aa96cef3555aa

COCOAPODS: 1.1.1
