PODS:
  - AnimatedTextInput (0.3.3)
  - FirebaseCore (3.4.6):
    - GoogleInterchangeUtilities (~> 1.2)
    - GoogleToolboxForMac/NSData+zlib (~> 2.1)
  - GoogleInterchangeUtilities (1.2.2):
    - GoogleSymbolUtilities (~> 1.1)
  - GoogleSymbolUtilities (1.1.2)
  - GoogleToolboxForMac/Defines (2.1.0)
  - GoogleToolboxForMac/NSData+zlib (2.1.0):
    - GoogleToolboxForMac/Defines (= 2.1.0)
  - Swinject (2.0.0)
  - SwinjectStoryboard (1.0.0):
    - Swinject (= 2.0.0)

DEPENDENCIES:
  - AnimatedTextInput (~> 0.3.0)
  - FirebaseCore (~> 3.4)
  - Swinject (= 2.0.0)
  - SwinjectStoryboard (= 1.0.0)

SPEC CHECKSUMS:
  AnimatedTextInput: ca74e724c6b6c9d0566bdb0cffa38e476776c70c
  FirebaseCore: 03da1cb32615569bbc2830a22f9ad753d9a02ef5
  GoogleInterchangeUtilities: d5bc4d88d5b661ab72f9d70c58d02ca8c27ad1f7
  GoogleSymbolUtilities: 631ee17048aa5e9ab133470d768ea997a5ef9b96
  GoogleToolboxForMac: 2b2596cbb7186865e98cadf2b1e262d851c2b168
  Swinject: 2e964a80d70ab09b3949c99032711f89147bfd60
  SwinjectStoryboard: 8e0d3c0202b64172bdf915d55e8dc83d9c4e7863

PODFILE CHECKSUM: 147cbc874e820f292eb2ccbe4d5a1804c51c946d

COCOAPODS: 1.1.1
